
Microsoft Visual Studio Solution File, Format Version 12.00
# Visual Studio Version 17
VisualStudioVersion = 17.14.36511.14 d17.14
MinimumVisualStudioVersion = 10.0.40219.1
Project("{FAE04EC0-301F-11D3-BF4B-00C04F79EFBC}") = "LibraryManagementApi", "LibraryManagementApi\LibraryManagementApi.csproj", "{3F44042C-0503-4832-877A-0B1A12A4F303}"
EndProject
Global
	GlobalSection(SolutionConfigurationPlatforms) = preSolution
		Debug|Any CPU = Debug|Any CPU
		Release|Any CPU = Release|Any CPU
	EndGlobalSection
	GlobalSection(ProjectConfigurationPlatforms) = postSolution
		{3F44042C-0503-4832-877A-0B1A12A4F303}.Debug|Any CPU.ActiveCfg = Debug|Any CPU
		{3F44042C-0503-4832-877A-0B1A12A4F303}.Debug|Any CPU.Build.0 = Debug|Any CPU
		{3F44042C-0503-4832-877A-0B1A12A4F303}.Release|Any CPU.ActiveCfg = Release|Any CPU
		{3F44042C-0503-4832-877A-0B1A12A4F303}.Release|Any CPU.Build.0 = Release|Any CPU
	EndGlobalSection
	GlobalSection(SolutionProperties) = preSolution
		HideSolutionNode = FALSE
	EndGlobalSection
	GlobalSection(ExtensibilityGlobals) = postSolution
		SolutionGuid = {E9F34045-283D-4A98-9C0D-069FFFBBF859}
	EndGlobalSection
EndGlobal
